
Microsoft Visual Studio Solution File, Format Version 11.00
# Visual Basic Express 2010
Project("{F184B08F-C81C-45F6-A57F-5ABD9991F28F}") = "RCC-Rectangular-Beam-Analysis", "RCC-Rectangular-Beam-Analysis.vbproj", "{C7C23F76-97E8-43A5-908E-10A3B6B89B99}"
EndProject
Global
	GlobalSection(SolutionConfigurationPlatforms) = preSolution
		Debug|x86 = Debug|x86
		Release|x86 = Release|x86
	EndGlobalSection
	GlobalSection(ProjectConfigurationPlatforms) = postSolution
		{C7C23F76-97E8-43A5-908E-10A3B6B89B99}.Debug|x86.ActiveCfg = Debug|x86
		{C7C23F76-97E8-43A5-908E-10A3B6B89B99}.Debug|x86.Build.0 = Debug|x86
		{C7C23F76-97E8-43A5-908E-10A3B6B89B99}.Release|x86.ActiveCfg = Release|x86
		{C7C23F76-97E8-43A5-908E-10A3B6B89B99}.Release|x86.Build.0 = Release|x86
	EndGlobalSection
	GlobalSection(SolutionProperties) = preSolution
		HideSolutionNode = FALSE
	EndGlobalSection
EndGlobal
